{
  "name": "pyi",
  "version": "1.0.0",
  "lockfileVersion": 1,
  "requires": true,
  "dependencies": {
    "@types/fs-extra": {
      "version": "9.0.13",
      "resolved": "https://registry.npmmirror.com/@types/fs-extra/download/@types/fs-extra-9.0.13.tgz",
      "integrity": "sha1-dZT7rgT+fxkYzos9IT90/0SsH0U=",
      "dev": true,
      "requires": {
        "@types/node": "*"
      }
    },
    "@types/lodash": {
      "version": "4.14.177",
      "resolved": "https://registry.npmmirror.com/@types/lodash/download/@types/lodash-4.14.177.tgz?cache=0&sync_timestamp=1637267572903&other_urls=https%3A%2F%2Fregistry.npmmirror.com%2F%40types%2Flodash%2Fdownload%2F%40types%2Flodash-4.14.177.tgz",
      "integrity": "sha512-0fDwydE2clKe9MNfvXHBHF9WEahRuj+msTuQqOmAApNORFvhMYZKNGGJdCzuhheVjMps/ti0Ak/iJPACMaevvw==",
      "dev": true
    },
    "@types/node": {
      "version": "16.11.10",
      "resolved": "https://registry.npmmirror.com/@types/node/download/@types/node-16.11.10.tgz",
      "integrity": "sha512-3aRnHa1KlOEEhJ6+CvyHKK5vE9BcLGjtUpwvqYLRvYNQKMfabu3BwfJaA/SLW8dxe28LsNDjtHwePTuzn3gmOA==",
      "dev": true
    },
    "dotenv": {
      "version": "10.0.0",
      "resolved": "https://registry.npmmirror.com/dotenv/download/dotenv-10.0.0.tgz",
      "integrity": "sha1-PUInuPuV+BCWzdK2ZlP7LHCFuoE="
    },
    "fs-extra": {
      "version": "10.0.0",
      "resolved": "https://registry.npmmirror.com/fs-extra/download/fs-extra-10.0.0.tgz",
      "integrity": "sha1-n/YbZV3eU/s0qC34S7IUzoAuF8E=",
      "requires": {
        "graceful-fs": "^4.2.0",
        "jsonfile": "^6.0.1",
        "universalify": "^2.0.0"
      }
    },
    "graceful-fs": {
      "version": "4.2.8",
      "resolved": "https://registry.npmmirror.com/graceful-fs/download/graceful-fs-4.2.8.tgz",
      "integrity": "sha1-5BK40z9eAGWTy9PO5t+fLOu+gCo="
    },
    "jsonfile": {
      "version": "6.1.0",
      "resolved": "https://registry.npmmirror.com/jsonfile/download/jsonfile-6.1.0.tgz",
      "integrity": "sha1-vFWyY0eTxnnsZAMJTrE2mKbsCq4=",
      "requires": {
        "graceful-fs": "^4.1.6",
        "universalify": "^2.0.0"
      }
    },
    "lodash": {
      "version": "4.17.21",
      "resolved": "https://registry.npmmirror.com/lodash/download/lodash-4.17.21.tgz",
      "integrity": "sha1-Z5WRxWTDv/quhFTPCz3zcMPWkRw="
    },
    "universalify": {
      "version": "2.0.0",
      "resolved": "https://registry.npmmirror.com/universalify/download/universalify-2.0.0.tgz",
      "integrity": "sha1-daSYTv7cSwiXXFrrc/Uw0C3yVxc="
    }
  }
}
